
Microsoft Visual Studio Solution File, Format Version 12.00
# Visual Studio Version 16
VisualStudioVersion = 16.0.28803.352
MinimumVisualStudioVersion = 10.0.40219.1
Project("{FAE04EC0-301F-11D3-BF4B-00C04F79EFBC}") = "TalentProWebApp", "TalentProWebApp\TalentProWebApp.csproj", "{35B9B742-CE12-4486-AD7D-CFCB6B611FC1}"
EndProject
Project("{9A19103F-16F7-4668-BE54-9A1E7A4F7556}") = "DocumentClassification", "AzureFunctions\DocumentClassification\DocumentClassification.csproj", "{A1222166-3B2C-47BA-92A9-FD1AAAB2CF1F}"
EndProject
Project("{9A19103F-16F7-4668-BE54-9A1E7A4F7556}") = "VideoClassification", "AzureFunctions\VideoClassification\VideoClassification.csproj", "{F719C437-491B-43FA-B356-1935C4EC8BF3}"
EndProject
Project("{2150E333-8FDC-42A3-9474-1A3956D46DE8}") = "AzSearch", "AzSearch", "{0D32FBFF-747D-457F-8F00-6A0A16864910}"
	ProjectSection(SolutionItems) = preProject
		AzSearch\CreateDocumentIndex.json = AzSearch\CreateDocumentIndex.json
		AzSearch\CreateIndexer.json = AzSearch\CreateIndexer.json
		AzSearch\CreateVideoIndex.json = AzSearch\CreateVideoIndex.json
	EndProjectSection
EndProject
Global
	GlobalSection(SolutionConfigurationPlatforms) = preSolution
		Debug|Any CPU = Debug|Any CPU
		Release|Any CPU = Release|Any CPU
	EndGlobalSection
	GlobalSection(ProjectConfigurationPlatforms) = postSolution
		{35B9B742-CE12-4486-AD7D-CFCB6B611FC1}.Debug|Any CPU.ActiveCfg = Debug|Any CPU
		{35B9B742-CE12-4486-AD7D-CFCB6B611FC1}.Debug|Any CPU.Build.0 = Debug|Any CPU
		{35B9B742-CE12-4486-AD7D-CFCB6B611FC1}.Release|Any CPU.ActiveCfg = Release|Any CPU
		{35B9B742-CE12-4486-AD7D-CFCB6B611FC1}.Release|Any CPU.Build.0 = Release|Any CPU
		{A1222166-3B2C-47BA-92A9-FD1AAAB2CF1F}.Debug|Any CPU.ActiveCfg = Debug|Any CPU
		{A1222166-3B2C-47BA-92A9-FD1AAAB2CF1F}.Debug|Any CPU.Build.0 = Debug|Any CPU
		{A1222166-3B2C-47BA-92A9-FD1AAAB2CF1F}.Release|Any CPU.ActiveCfg = Release|Any CPU
		{A1222166-3B2C-47BA-92A9-FD1AAAB2CF1F}.Release|Any CPU.Build.0 = Release|Any CPU
		{F719C437-491B-43FA-B356-1935C4EC8BF3}.Debug|Any CPU.ActiveCfg = Debug|Any CPU
		{F719C437-491B-43FA-B356-1935C4EC8BF3}.Debug|Any CPU.Build.0 = Debug|Any CPU
		{F719C437-491B-43FA-B356-1935C4EC8BF3}.Release|Any CPU.ActiveCfg = Release|Any CPU
		{F719C437-491B-43FA-B356-1935C4EC8BF3}.Release|Any CPU.Build.0 = Release|Any CPU
	EndGlobalSection
	GlobalSection(SolutionProperties) = preSolution
		HideSolutionNode = FALSE
	EndGlobalSection
	GlobalSection(ExtensibilityGlobals) = postSolution
		SolutionGuid = {B502C67A-0633-4B93-94F9-04211636FFD4}
	EndGlobalSection
EndGlobal
